
Microsoft Visual Studio Solution File, Format Version 12.00
# Visual Studio Version 17
VisualStudioVersion = 17.12.35527.113 d17.12
MinimumVisualStudioVersion = 10.0.40219.1
Project("{FAE04EC0-301F-11D3-BF4B-00C04F79EFBC}") = "DigitaNumero", "DigitaNumero\DigitaNumero.csproj", "{A65EB35B-4CB0-4AA5-B345-C4E2334199F8}"
EndProject
Global
	GlobalSection(SolutionConfigurationPlatforms) = preSolution
		Debug|Any CPU = Debug|Any CPU
		Release|Any CPU = Release|Any CPU
	EndGlobalSection
	GlobalSection(ProjectConfigurationPlatforms) = postSolution
		{A65EB35B-4CB0-4AA5-B345-C4E2334199F8}.Debug|Any CPU.ActiveCfg = Debug|Any CPU
		{A65EB35B-4CB0-4AA5-B345-C4E2334199F8}.Debug|Any CPU.Build.0 = Debug|Any CPU
		{A65EB35B-4CB0-4AA5-B345-C4E2334199F8}.Release|Any CPU.ActiveCfg = Release|Any CPU
		{A65EB35B-4CB0-4AA5-B345-C4E2334199F8}.Release|Any CPU.Build.0 = Release|Any CPU
	EndGlobalSection
	GlobalSection(SolutionProperties) = preSolution
		HideSolutionNode = FALSE
	EndGlobalSection
EndGlobal
